
Microsoft Visual Studio Solution File, Format Version 12.00
# Visual Studio Version 17
VisualStudioVersion = 17.14.36623.8
MinimumVisualStudioVersion = 10.0.40219.1
Project("{FAE04EC0-301F-11D3-BF4B-00C04F79EFBC}") = "TotpQr", "TotpQr\TotpQr.csproj", "{D5D86822-3412-4EBF-90FC-0229B7272B99}"
EndProject
Project("{FAE04EC0-301F-11D3-BF4B-00C04F79EFBC}") = "TotpQr.Data", "Libs\TotpQr.Data\TotpQr.Data.csproj", "{99ADE23F-E5AA-43C0-A2A7-DA562BE65520}"
EndProject
Project("{FAE04EC0-301F-11D3-BF4B-00C04F79EFBC}") = "TotpQr.Interfaces", "Libs\TotpQr.Interfaces\TotpQr.Interfaces.csproj", "{295D8061-170F-3955-FCAE-5A431B426080}"
EndProject
Global
	GlobalSection(SolutionConfigurationPlatforms) = preSolution
		Debug|Any CPU = Debug|Any CPU
		Release|Any CPU = Release|Any CPU
	EndGlobalSection
	GlobalSection(ProjectConfigurationPlatforms) = postSolution
		{D5D86822-3412-4EBF-90FC-0229B7272B99}.Debug|Any CPU.ActiveCfg = Debug|Any CPU
		{D5D86822-3412-4EBF-90FC-0229B7272B99}.Debug|Any CPU.Build.0 = Debug|Any CPU
		{D5D86822-3412-4EBF-90FC-0229B7272B99}.Release|Any CPU.ActiveCfg = Release|Any CPU
		{D5D86822-3412-4EBF-90FC-0229B7272B99}.Release|Any CPU.Build.0 = Release|Any CPU
		{99ADE23F-E5AA-43C0-A2A7-DA562BE65520}.Debug|Any CPU.ActiveCfg = Debug|Any CPU
		{99ADE23F-E5AA-43C0-A2A7-DA562BE65520}.Debug|Any CPU.Build.0 = Debug|Any CPU
		{99ADE23F-E5AA-43C0-A2A7-DA562BE65520}.Release|Any CPU.ActiveCfg = Release|Any CPU
		{99ADE23F-E5AA-43C0-A2A7-DA562BE65520}.Release|Any CPU.Build.0 = Release|Any CPU
		{295D8061-170F-3955-FCAE-5A431B426080}.Debug|Any CPU.ActiveCfg = Debug|Any CPU
		{295D8061-170F-3955-FCAE-5A431B426080}.Debug|Any CPU.Build.0 = Debug|Any CPU
		{295D8061-170F-3955-FCAE-5A431B426080}.Release|Any CPU.ActiveCfg = Release|Any CPU
		{295D8061-170F-3955-FCAE-5A431B426080}.Release|Any CPU.Build.0 = Release|Any CPU
	EndGlobalSection
	GlobalSection(SolutionProperties) = preSolution
		HideSolutionNode = FALSE
	EndGlobalSection
	GlobalSection(ExtensibilityGlobals) = postSolution
		SolutionGuid = {03CF2C98-6EEB-435C-A1B9-4558E40E7ABC}
	EndGlobalSection
EndGlobal
